
Microsoft Visual Studio Solution File, Format Version 12.00
# Visual Studio Version 16
VisualStudioVersion = 16.0.29609.76
MinimumVisualStudioVersion = 10.0.40219.1
Project("{2150E333-8FDC-42A3-9474-1A3956D46DE8}") = "Core", "Core", "{9AA4004D-2418-4292-8C36-8E359011FE1A}"
EndProject
Project("{2150E333-8FDC-42A3-9474-1A3956D46DE8}") = "Test", "Test", "{7667E905-1FDB-41B8-8F5C-8D7625D11AD9}"
EndProject
Project("{2150E333-8FDC-42A3-9474-1A3956D46DE8}") = "Presentation", "Presentation", "{CC891FCA-E195-44DC-8076-54C4BABCE119}"
EndProject
Project("{2150E333-8FDC-42A3-9474-1A3956D46DE8}") = "_SolutionItems", "_SolutionItems", "{2C470E82-13FC-4932-ABB0-EF97DC2A639C}"
	ProjectSection(SolutionItems) = preProject
		..\README.md = ..\README.md
	EndProjectSection
EndProject
Project("{9A19103F-16F7-4668-BE54-9A1E7A4F7556}") = "LetsEncrypt.Core", "LetsEncrypt.Core\LetsEncrypt.Core.csproj", "{8356492B-89F1-4C3B-ABE9-41F0FE3C7F86}"
EndProject
Project("{9A19103F-16F7-4668-BE54-9A1E7A4F7556}") = "LetsEncrypt.ConsoleApp", "LetsEncrypt.ConsoleApp\LetsEncrypt.ConsoleApp.csproj", "{E4A94890-7AF0-4C1A-8040-E4925CC66CAE}"
EndProject
Project("{9A19103F-16F7-4668-BE54-9A1E7A4F7556}") = "LetsEncrypt.Test", "LetsEncrypt.Test\LetsEncrypt.Test.csproj", "{63E252A0-5C4C-4F71-AA92-FEFA2825294A}"
EndProject
Global
	GlobalSection(SolutionConfigurationPlatforms) = preSolution
		Debug|Any CPU = Debug|Any CPU
		Release|Any CPU = Release|Any CPU
	EndGlobalSection
	GlobalSection(ProjectConfigurationPlatforms) = postSolution
		{8356492B-89F1-4C3B-ABE9-41F0FE3C7F86}.Debug|Any CPU.ActiveCfg = Debug|Any CPU
		{8356492B-89F1-4C3B-ABE9-41F0FE3C7F86}.Debug|Any CPU.Build.0 = Debug|Any CPU
		{8356492B-89F1-4C3B-ABE9-41F0FE3C7F86}.Release|Any CPU.ActiveCfg = Release|Any CPU
		{8356492B-89F1-4C3B-ABE9-41F0FE3C7F86}.Release|Any CPU.Build.0 = Release|Any CPU
		{E4A94890-7AF0-4C1A-8040-E4925CC66CAE}.Debug|Any CPU.ActiveCfg = Debug|Any CPU
		{E4A94890-7AF0-4C1A-8040-E4925CC66CAE}.Debug|Any CPU.Build.0 = Debug|Any CPU
		{E4A94890-7AF0-4C1A-8040-E4925CC66CAE}.Release|Any CPU.ActiveCfg = Release|Any CPU
		{E4A94890-7AF0-4C1A-8040-E4925CC66CAE}.Release|Any CPU.Build.0 = Release|Any CPU
		{63E252A0-5C4C-4F71-AA92-FEFA2825294A}.Debug|Any CPU.ActiveCfg = Debug|Any CPU
		{63E252A0-5C4C-4F71-AA92-FEFA2825294A}.Debug|Any CPU.Build.0 = Debug|Any CPU
		{63E252A0-5C4C-4F71-AA92-FEFA2825294A}.Release|Any CPU.ActiveCfg = Release|Any CPU
		{63E252A0-5C4C-4F71-AA92-FEFA2825294A}.Release|Any CPU.Build.0 = Release|Any CPU
	EndGlobalSection
	GlobalSection(SolutionProperties) = preSolution
		HideSolutionNode = FALSE
	EndGlobalSection
	GlobalSection(NestedProjects) = preSolution
		{8356492B-89F1-4C3B-ABE9-41F0FE3C7F86} = {9AA4004D-2418-4292-8C36-8E359011FE1A}
		{E4A94890-7AF0-4C1A-8040-E4925CC66CAE} = {CC891FCA-E195-44DC-8076-54C4BABCE119}
		{63E252A0-5C4C-4F71-AA92-FEFA2825294A} = {7667E905-1FDB-41B8-8F5C-8D7625D11AD9}
	EndGlobalSection
	GlobalSection(ExtensibilityGlobals) = postSolution
		SolutionGuid = {25ED67A4-330F-49AC-9DFB-F1B57E856DEB}
	EndGlobalSection
EndGlobal
